# THIS IS AN AUTOGENERATED FILE. DO NOT EDIT THIS FILE DIRECTLY.
# yarn lockfile v1


"@types/node@12":
  version "12.20.38"
  resolved "https://registry.yarnpkg.com/@types/node/-/node-12.20.38.tgz#74801983c0558a7a31a4ead18bce2edded2b0e2f"
  integrity sha512-NxmtBRGipjx1B225OeMdI+CQmLbYqvvmYbukDTJGDgzIDgPQ1EcjGmYxGhOk5hTBqeB558S6RgHSpq2iiqifAQ==

typescript@^4.5.4:
  version "4.5.4"
  resolved "https://registry.yarnpkg.com/typescript/-/typescript-4.5.4.tgz#a17d3a0263bf5c8723b9c52f43c5084edf13c2e8"
  integrity sha512-VgYs2A2QIRuGphtzFV7aQJduJ2gyfTljngLzjpfW9FoYZF6xuw1W0vW9ghCKLfcWrCFxK81CSGRAvS1pn4fIUg==
